// !$*UTF8*$!
{
	archiveVersion = 1;
	classes = {
	};
	objectVersion = 50;
	objects = {

/* Begin PBXBuildFile section */
		5048DF682078985800BAA4B0 /* SearchExpressionParser.framework in Frameworks */ = {isa = PBXBuildFile; fileRef = 5048DF5E2078985800BAA4B0 /* SearchExpressionParser.framework */; };
		5048DF6D2078985800BAA4B0 /* TokenizerTests.swift in Sources */ = {isa = PBXBuildFile; fileRef = 5048DF6C2078985800BAA4B0 /* TokenizerTests.swift */; };
		5048DF6F2078985800BAA4B0 /* SearchExpressionParser.h in Headers */ = {isa = PBXBuildFile; fileRef = 5048DF612078985800BAA4B0 /* SearchExpressionParser.h */; settings = {ATTRIBUTES = (Public, ); }; };
		5048DF7B2078990100BAA4B0 /* Tokenizer.swift in Sources */ = {isa = PBXBuildFile; fileRef = 5048DF7A2078990100BAA4B0 /* Tokenizer.swift */; };
		5048DF7D20789B5000BAA4B0 /* TokenCharacterBuffer.swift in Sources */ = {isa = PBXBuildFile; fileRef = 5048DF7C20789B5000BAA4B0 /* TokenCharacterBuffer.swift */; };
		5048DF8220789DE400BAA4B0 /* TokenExtractor.swift in Sources */ = {isa = PBXBuildFile; fileRef = 5048DF8120789DE400BAA4B0 /* TokenExtractor.swift */; };
		5048DF8420789E1C00BAA4B0 /* Either.swift in Sources */ = {isa = PBXBuildFile; fileRef = 5048DF8320789E1C00BAA4B0 /* Either.swift */; };
		5048DF8620789FD300BAA4B0 /* TestHelpers.swift in Sources */ = {isa = PBXBuildFile; fileRef = 5048DF8520789FD300BAA4B0 /* TestHelpers.swift */; };
		5048DF8D2078A3C600BAA4B0 /* XCTAssertEqual+Token.swift in Sources */ = {isa = PBXBuildFile; fileRef = 5048DF8C2078A3C600BAA4B0 /* XCTAssertEqual+Token.swift */; };
		5048DF8F2078A49600BAA4B0 /* Character+isWhitespace.swift in Sources */ = {isa = PBXBuildFile; fileRef = 5048DF8E2078A49600BAA4B0 /* Character+isWhitespace.swift */; };
		5048DF922078A61800BAA4B0 /* WordExtractor.swift in Sources */ = {isa = PBXBuildFile; fileRef = 5048DF912078A61800BAA4B0 /* WordExtractor.swift */; };
		5048DF942078A93A00BAA4B0 /* Tokens.swift in Sources */ = {isa = PBXBuildFile; fileRef = 5048DF932078A93A00BAA4B0 /* Tokens.swift */; };
		5048DF962078AB2A00BAA4B0 /* ParensExtractors.swift in Sources */ = {isa = PBXBuildFile; fileRef = 5048DF952078AB2A00BAA4B0 /* ParensExtractors.swift */; };
		5048DF982078B1D700BAA4B0 /* PhraseExtractor.swift in Sources */ = {isa = PBXBuildFile; fileRef = 5048DF972078B1D700BAA4B0 /* PhraseExtractor.swift */; };
		5048DF9C2078B6F600BAA4B0 /* BangExtractor.swift in Sources */ = {isa = PBXBuildFile; fileRef = 5048DF9B2078B6F600BAA4B0 /* BangExtractor.swift */; };
		5048DF9E2078BC3C00BAA4B0 /* NotExtractor.swift in Sources */ = {isa = PBXBuildFile; fileRef = 5048DF9D2078BC3C00BAA4B0 /* NotExtractor.swift */; };
		5048DFA02078BF3600BAA4B0 /* AndExtractor.swift in Sources */ = {isa = PBXBuildFile; fileRef = 5048DF9F2078BF3600BAA4B0 /* AndExtractor.swift */; };
		5048DFA22078C02400BAA4B0 /* OrExtractor.swift in Sources */ = {isa = PBXBuildFile; fileRef = 5048DFA12078C02400BAA4B0 /* OrExtractor.swift */; };
		5048DFA62078CFB700BAA4B0 /* Parser.swift in Sources */ = {isa = PBXBuildFile; fileRef = 5048DFA52078CFB700BAA4B0 /* Parser.swift */; };
		5048DFA82078CFF500BAA4B0 /* Expressions.swift in Sources */ = {isa = PBXBuildFile; fileRef = 5048DFA72078CFF500BAA4B0 /* Expressions.swift */; };
		5048DFAA2078D00F00BAA4B0 /* ParserTests.swift in Sources */ = {isa = PBXBuildFile; fileRef = 5048DFA92078D00F00BAA4B0 /* ParserTests.swift */; };
		5048DFAC2078D0F900BAA4B0 /* AnyEquatable.swift in Sources */ = {isa = PBXBuildFile; fileRef = 5048DFAB2078D0F900BAA4B0 /* AnyEquatable.swift */; };
		5048DFAE2078D50500BAA4B0 /* TokenBuffer.swift in Sources */ = {isa = PBXBuildFile; fileRef = 5048DFAD2078D50500BAA4B0 /* TokenBuffer.swift */; };
		5048DFB02078D57D00BAA4B0 /* XCTAssertEqual+Expression.swift in Sources */ = {isa = PBXBuildFile; fileRef = 5048DFAF2078D57D00BAA4B0 /* XCTAssertEqual+Expression.swift */; };
		50765461207DE07D0090D5D2 /* ContainmentEvaluator.swift in Sources */ = {isa = PBXBuildFile; fileRef = 50765460207DE07D0090D5D2 /* ContainmentEvaluator.swift */; };
		50765463207DE1670090D5D2 /* ContainmentEvaluatorTests.swift in Sources */ = {isa = PBXBuildFile; fileRef = 50765462207DE1670090D5D2 /* ContainmentEvaluatorTests.swift */; };
		50765465207DEBC00090D5D2 /* Descriptions.swift in Sources */ = {isa = PBXBuildFile; fileRef = 50765464207DEBC00090D5D2 /* Descriptions.swift */; };
		50765467207DEF160090D5D2 /* PhraseCollectionConvertibleTests.swift in Sources */ = {isa = PBXBuildFile; fileRef = 50765466207DEF160090D5D2 /* PhraseCollectionConvertibleTests.swift */; };
		50765469207DF05C0090D5D2 /* PhraseCollectionConvertible.swift in Sources */ = {isa = PBXBuildFile; fileRef = 50765468207DF05C0090D5D2 /* PhraseCollectionConvertible.swift */; };
		50976269207937820002881A /* BalanceParenthesesTests.swift in Sources */ = {isa = PBXBuildFile; fileRef = 50976268207937820002881A /* BalanceParenthesesTests.swift */; };
		5097626B207B44620002881A /* SearchExpressionParser.swift in Sources */ = {isa = PBXBuildFile; fileRef = 5097626A207B44620002881A /* SearchExpressionParser.swift */; };
		50976270207B47760002881A /* ExpressionTests.swift in Sources */ = {isa = PBXBuildFile; fileRef = 5097626F207B47760002881A /* ExpressionTests.swift */; };
/* End PBXBuildFile section */

/* Begin PBXContainerItemProxy section */
		5048DF692078985800BAA4B0 /* PBXContainerItemProxy */ = {
			isa = PBXContainerItemProxy;
			containerPortal = 5048DF552078985800BAA4B0 /* Project object */;
			proxyType = 1;
			remoteGlobalIDString = 5048DF5D2078985800BAA4B0;
			remoteInfo = SearchExpressionParser;
		};
/* End PBXContainerItemProxy section */

/* Begin PBXFileReference section */
		5048DF5E2078985800BAA4B0 /* SearchExpressionParser.framework */ = {isa = PBXFileReference; explicitFileType = wrapper.framework; includeInIndex = 0; path = SearchExpressionParser.framework; sourceTree = BUILT_PRODUCTS_DIR; };
		5048DF612078985800BAA4B0 /* SearchExpressionParser.h */ = {isa = PBXFileReference; lastKnownFileType = sourcecode.c.h; path = SearchExpressionParser.h; sourceTree = "<group>"; };
		5048DF622078985800BAA4B0 /* Info.plist */ = {isa = PBXFileReference; lastKnownFileType = text.plist.xml; path = Info.plist; sourceTree = "<group>"; };
		5048DF672078985800BAA4B0 /* SearchExpressionParserTests.xctest */ = {isa = PBXFileReference; explicitFileType = wrapper.cfbundle; includeInIndex = 0; path = SearchExpressionParserTests.xctest; sourceTree = BUILT_PRODUCTS_DIR; };
		5048DF6C2078985800BAA4B0 /* TokenizerTests.swift */ = {isa = PBXFileReference; lastKnownFileType = sourcecode.swift; path = TokenizerTests.swift; sourceTree = "<group>"; };
		5048DF6E2078985800BAA4B0 /* Info.plist */ = {isa = PBXFileReference; lastKnownFileType = text.plist.xml; path = Info.plist; sourceTree = "<group>"; };
		5048DF7A2078990100BAA4B0 /* Tokenizer.swift */ = {isa = PBXFileReference; lastKnownFileType = sourcecode.swift; path = Tokenizer.swift; sourceTree = "<group>"; };
		5048DF7C20789B5000BAA4B0 /* TokenCharacterBuffer.swift */ = {isa = PBXFileReference; lastKnownFileType = sourcecode.swift; path = TokenCharacterBuffer.swift; sourceTree = "<group>"; };
		5048DF8120789DE400BAA4B0 /* TokenExtractor.swift */ = {isa = PBXFileReference; fileEncoding = 4; lastKnownFileType = sourcecode.swift; path = TokenExtractor.swift; sourceTree = "<group>"; };
		5048DF8320789E1C00BAA4B0 /* Either.swift */ = {isa = PBXFileReference; fileEncoding = 4; lastKnownFileType = sourcecode.swift; path = Either.swift; sourceTree = "<group>"; };
		5048DF8520789FD300BAA4B0 /* TestHelpers.swift */ = {isa = PBXFileReference; lastKnownFileType = sourcecode.swift; path = TestHelpers.swift; sourceTree = "<group>"; };
		5048DF8C2078A3C600BAA4B0 /* XCTAssertEqual+Token.swift */ = {isa = PBXFileReference; lastKnownFileType = sourcecode.swift; path = "XCTAssertEqual+Token.swift"; sourceTree = "<group>"; };
		5048DF8E2078A49600BAA4B0 /* Character+isWhitespace.swift */ = {isa = PBXFileReference; lastKnownFileType = sourcecode.swift; path = "Character+isWhitespace.swift"; sourceTree = "<group>"; };
		5048DF912078A61800BAA4B0 /* WordExtractor.swift */ = {isa = PBXFileReference; lastKnownFileType = sourcecode.swift; path = WordExtractor.swift; sourceTree = "<group>"; };
		5048DF932078A93A00BAA4B0 /* Tokens.swift */ = {isa = PBXFileReference; lastKnownFileType = sourcecode.swift; path = Tokens.swift; sourceTree = "<group>"; };
		5048DF952078AB2A00BAA4B0 /* ParensExtractors.swift */ = {isa = PBXFileReference; lastKnownFileType = sourcecode.swift; path = ParensExtractors.swift; sourceTree = "<group>"; };
		5048DF972078B1D700BAA4B0 /* PhraseExtractor.swift */ = {isa = PBXFileReference; lastKnownFileType = sourcecode.swift; path = PhraseExtractor.swift; sourceTree = "<group>"; };
		5048DF9B2078B6F600BAA4B0 /* BangExtractor.swift */ = {isa = PBXFileReference; lastKnownFileType = sourcecode.swift; path = BangExtractor.swift; sourceTree = "<group>"; };
		5048DF9D2078BC3C00BAA4B0 /* NotExtractor.swift */ = {isa = PBXFileReference; lastKnownFileType = sourcecode.swift; path = NotExtractor.swift; sourceTree = "<group>"; };
		5048DF9F2078BF3600BAA4B0 /* AndExtractor.swift */ = {isa = PBXFileReference; lastKnownFileType = sourcecode.swift; path = AndExtractor.swift; sourceTree = "<group>"; };
		5048DFA12078C02400BAA4B0 /* OrExtractor.swift */ = {isa = PBXFileReference; lastKnownFileType = sourcecode.swift; path = OrExtractor.swift; sourceTree = "<group>"; };
		5048DFA52078CFB700BAA4B0 /* Parser.swift */ = {isa = PBXFileReference; lastKnownFileType = sourcecode.swift; path = Parser.swift; sourceTree = "<group>"; };
		5048DFA72078CFF500BAA4B0 /* Expressions.swift */ = {isa = PBXFileReference; lastKnownFileType = sourcecode.swift; path = Expressions.swift; sourceTree = "<group>"; };
		5048DFA92078D00F00BAA4B0 /* ParserTests.swift */ = {isa = PBXFileReference; lastKnownFileType = sourcecode.swift; path = ParserTests.swift; sourceTree = "<group>"; };
		5048DFAB2078D0F900BAA4B0 /* AnyEquatable.swift */ = {isa = PBXFileReference; lastKnownFileType = sourcecode.swift; path = AnyEquatable.swift; sourceTree = "<group>"; };
		5048DFAD2078D50500BAA4B0 /* TokenBuffer.swift */ = {isa = PBXFileReference; lastKnownFileType = sourcecode.swift; path = TokenBuffer.swift; sourceTree = "<group>"; };
		5048DFAF2078D57D00BAA4B0 /* XCTAssertEqual+Expression.swift */ = {isa = PBXFileReference; lastKnownFileType = sourcecode.swift; path = "XCTAssertEqual+Expression.swift"; sourceTree = "<group>"; };
		50765460207DE07D0090D5D2 /* ContainmentEvaluator.swift */ = {isa = PBXFileReference; lastKnownFileType = sourcecode.swift; path = ContainmentEvaluator.swift; sourceTree = "<group>"; };
		50765462207DE1670090D5D2 /* ContainmentEvaluatorTests.swift */ = {isa = PBXFileReference; lastKnownFileType = sourcecode.swift; path = ContainmentEvaluatorTests.swift; sourceTree = "<group>"; };
		50765464207DEBC00090D5D2 /* Descriptions.swift */ = {isa = PBXFileReference; lastKnownFileType = sourcecode.swift; path = Descriptions.swift; sourceTree = "<group>"; };
		50765466207DEF160090D5D2 /* PhraseCollectionConvertibleTests.swift */ = {isa = PBXFileReference; lastKnownFileType = sourcecode.swift; path = PhraseCollectionConvertibleTests.swift; sourceTree = "<group>"; };
		50765468207DF05C0090D5D2 /* PhraseCollectionConvertible.swift */ = {isa = PBXFileReference; lastKnownFileType = sourcecode.swift; path = PhraseCollectionConvertible.swift; sourceTree = "<group>"; };
		50976268207937820002881A /* BalanceParenthesesTests.swift */ = {isa = PBXFileReference; lastKnownFileType = sourcecode.swift; path = BalanceParenthesesTests.swift; sourceTree = "<group>"; };
		5097626A207B44620002881A /* SearchExpressionParser.swift */ = {isa = PBXFileReference; lastKnownFileType = sourcecode.swift; path = SearchExpressionParser.swift; sourceTree = "<group>"; };
		5097626F207B47760002881A /* ExpressionTests.swift */ = {isa = PBXFileReference; lastKnownFileType = sourcecode.swift; path = ExpressionTests.swift; sourceTree = "<group>"; };
/* End PBXFileReference section */

/* Begin PBXFrameworksBuildPhase section */
		5048DF5A2078985800BAA4B0 /* Frameworks */ = {
			isa = PBXFrameworksBuildPhase;
			buildActionMask = 2147483647;
			files = (
			);
			runOnlyForDeploymentPostprocessing = 0;
		};
		5048DF642078985800BAA4B0 /* Frameworks */ = {
			isa = PBXFrameworksBuildPhase;
			buildActionMask = 2147483647;
			files = (
				5048DF682078985800BAA4B0 /* SearchExpressionParser.framework in Frameworks */,
			);
			runOnlyForDeploymentPostprocessing = 0;
		};
/* End PBXFrameworksBuildPhase section */

/* Begin PBXGroup section */
		5048DF542078985800BAA4B0 = {
			isa = PBXGroup;
			children = (
				5048DF602078985800BAA4B0 /* SearchExpressionParser */,
				5048DF6B2078985800BAA4B0 /* SearchExpressionParserTests */,
				5048DF5F2078985800BAA4B0 /* Products */,
			);
			sourceTree = "<group>";
		};
		5048DF5F2078985800BAA4B0 /* Products */ = {
			isa = PBXGroup;
			children = (
				5048DF5E2078985800BAA4B0 /* SearchExpressionParser.framework */,
				5048DF672078985800BAA4B0 /* SearchExpressionParserTests.xctest */,
			);
			name = Products;
			sourceTree = "<group>";
		};
		5048DF602078985800BAA4B0 /* SearchExpressionParser */ = {
			isa = PBXGroup;
			children = (
				5048DF612078985800BAA4B0 /* SearchExpressionParser.h */,
				5097626A207B44620002881A /* SearchExpressionParser.swift */,
				5048DF8020789DC800BAA4B0 /* Tokenization */,
				5048DFA42078CFA400BAA4B0 /* Parsing */,
				5076545F207DE05A0090D5D2 /* NormalForm */,
				5048DF8320789E1C00BAA4B0 /* Either.swift */,
				5048DF622078985800BAA4B0 /* Info.plist */,
			);
			path = SearchExpressionParser;
			sourceTree = "<group>";
		};
		5048DF6B2078985800BAA4B0 /* SearchExpressionParserTests */ = {
			isa = PBXGroup;
			children = (
				5048DF6C2078985800BAA4B0 /* TokenizerTests.swift */,
				5048DFA92078D00F00BAA4B0 /* ParserTests.swift */,
				50976268207937820002881A /* BalanceParenthesesTests.swift */,
				5097626F207B47760002881A /* ExpressionTests.swift */,
				50765462207DE1670090D5D2 /* ContainmentEvaluatorTests.swift */,
				50765466207DEF160090D5D2 /* PhraseCollectionConvertibleTests.swift */,
				50765464207DEBC00090D5D2 /* Descriptions.swift */,
				5048DF8520789FD300BAA4B0 /* TestHelpers.swift */,
				5048DFAF2078D57D00BAA4B0 /* XCTAssertEqual+Expression.swift */,
				5048DF8C2078A3C600BAA4B0 /* XCTAssertEqual+Token.swift */,
				5048DFAB2078D0F900BAA4B0 /* AnyEquatable.swift */,
				5048DF6E2078985800BAA4B0 /* Info.plist */,
			);
			path = SearchExpressionParserTests;
			sourceTree = "<group>";
		};
		5048DF8020789DC800BAA4B0 /* Tokenization */ = {
			isa = PBXGroup;
			children = (
				5048DF7A2078990100BAA4B0 /* Tokenizer.swift */,
				5048DF932078A93A00BAA4B0 /* Tokens.swift */,
				5048DF7C20789B5000BAA4B0 /* TokenCharacterBuffer.swift */,
				5048DF902078A60700BAA4B0 /* TokenExtractor */,
				5048DF8E2078A49600BAA4B0 /* Character+isWhitespace.swift */,
			);
			path = Tokenization;
			sourceTree = "<group>";
		};
		5048DF902078A60700BAA4B0 /* TokenExtractor */ = {
			isa = PBXGroup;
			children = (
				5048DF8120789DE400BAA4B0 /* TokenExtractor.swift */,
				5048DFA32078C02C00BAA4B0 /* Operators */,
				5048DF952078AB2A00BAA4B0 /* ParensExtractors.swift */,
				5048DF972078B1D700BAA4B0 /* PhraseExtractor.swift */,
				5048DF912078A61800BAA4B0 /* WordExtractor.swift */,
			);
			path = TokenExtractor;
			sourceTree = "<group>";
		};
		5048DFA32078C02C00BAA4B0 /* Operators */ = {
			isa = PBXGroup;
			children = (
				5048DF9F2078BF3600BAA4B0 /* AndExtractor.swift */,
				5048DF9B2078B6F600BAA4B0 /* BangExtractor.swift */,
				5048DF9D2078BC3C00BAA4B0 /* NotExtractor.swift */,
				5048DFA12078C02400BAA4B0 /* OrExtractor.swift */,
			);
			name = Operators;
			sourceTree = "<group>";
		};
		5048DFA42078CFA400BAA4B0 /* Parsing */ = {
			isa = PBXGroup;
			children = (
				5048DFA52078CFB700BAA4B0 /* Parser.swift */,
				5048DFA72078CFF500BAA4B0 /* Expressions.swift */,
				5048DFAD2078D50500BAA4B0 /* TokenBuffer.swift */,
			);
			path = Parsing;
			sourceTree = "<group>";
		};
		5076545F207DE05A0090D5D2 /* NormalForm */ = {
			isa = PBXGroup;
			children = (
				50765460207DE07D0090D5D2 /* ContainmentEvaluator.swift */,
				50765468207DF05C0090D5D2 /* PhraseCollectionConvertible.swift */,
			);
			path = NormalForm;
			sourceTree = "<group>";
		};
/* End PBXGroup section */

/* Begin PBXHeadersBuildPhase section */
		5048DF5B2078985800BAA4B0 /* Headers */ = {
			isa = PBXHeadersBuildPhase;
			buildActionMask = 2147483647;
			files = (
				5048DF6F2078985800BAA4B0 /* SearchExpressionParser.h in Headers */,
			);
			runOnlyForDeploymentPostprocessing = 0;
		};
/* End PBXHeadersBuildPhase section */

/* Begin PBXNativeTarget section */
		5048DF5D2078985800BAA4B0 /* SearchExpressionParser */ = {
			isa = PBXNativeTarget;
			buildConfigurationList = 5048DF722078985800BAA4B0 /* Build configuration list for PBXNativeTarget "SearchExpressionParser" */;
			buildPhases = (
				5048DF592078985800BAA4B0 /* Sources */,
				5048DF5A2078985800BAA4B0 /* Frameworks */,
				5048DF5B2078985800BAA4B0 /* Headers */,
				5048DF5C2078985800BAA4B0 /* Resources */,
			);
			buildRules = (
			);
			dependencies = (
			);
			name = SearchExpressionParser;
			productName = SearchExpressionParser;
			productReference = 5048DF5E2078985800BAA4B0 /* SearchExpressionParser.framework */;
			productType = "com.apple.product-type.framework";
		};
		5048DF662078985800BAA4B0 /* SearchExpressionParserTests */ = {
			isa = PBXNativeTarget;
			buildConfigurationList = 5048DF752078985800BAA4B0 /* Build configuration list for PBXNativeTarget "SearchExpressionParserTests" */;
			buildPhases = (
				5048DF632078985800BAA4B0 /* Sources */,
				5048DF642078985800BAA4B0 /* Frameworks */,
				5048DF652078985800BAA4B0 /* Resources */,
			);
			buildRules = (
			);
			dependencies = (
				5048DF6A2078985800BAA4B0 /* PBXTargetDependency */,
			);
			name = SearchExpressionParserTests;
			productName = SearchExpressionParserTests;
			productReference = 5048DF672078985800BAA4B0 /* SearchExpressionParserTests.xctest */;
			productType = "com.apple.product-type.bundle.unit-test";
		};
/* End PBXNativeTarget section */

/* Begin PBXProject section */
		5048DF552078985800BAA4B0 /* Project object */ = {
			isa = PBXProject;
			attributes = {
				LastSwiftUpdateCheck = 0930;
				LastUpgradeCheck = 0930;
				ORGANIZATIONNAME = "Christian Tietze";
				TargetAttributes = {
					5048DF5D2078985800BAA4B0 = {
						CreatedOnToolsVersion = 9.3;
						LastSwiftMigration = 0930;
					};
					5048DF662078985800BAA4B0 = {
						CreatedOnToolsVersion = 9.3;
					};
				};
			};
			buildConfigurationList = 5048DF582078985800BAA4B0 /* Build configuration list for PBXProject "SearchExpressionParser" */;
			compatibilityVersion = "Xcode 9.3";
			developmentRegion = en;
			hasScannedForEncodings = 0;
			knownRegions = (
				en,
			);
			mainGroup = 5048DF542078985800BAA4B0;
			productRefGroup = 5048DF5F2078985800BAA4B0 /* Products */;
			projectDirPath = "";
			projectRoot = "";
			targets = (
				5048DF5D2078985800BAA4B0 /* SearchExpressionParser */,
				5048DF662078985800BAA4B0 /* SearchExpressionParserTests */,
			);
		};
/* End PBXProject section */

/* Begin PBXResourcesBuildPhase section */
		5048DF5C2078985800BAA4B0 /* Resources */ = {
			isa = PBXResourcesBuildPhase;
			buildActionMask = 2147483647;
			files = (
			);
			runOnlyForDeploymentPostprocessing = 0;
		};
		5048DF652078985800BAA4B0 /* Resources */ = {
			isa = PBXResourcesBuildPhase;
			buildActionMask = 2147483647;
			files = (
			);
			runOnlyForDeploymentPostprocessing = 0;
		};
/* End PBXResourcesBuildPhase section */

/* Begin PBXSourcesBuildPhase section */
		5048DF592078985800BAA4B0 /* Sources */ = {
			isa = PBXSourcesBuildPhase;
			buildActionMask = 2147483647;
			files = (
				5048DF8420789E1C00BAA4B0 /* Either.swift in Sources */,
				5048DF7B2078990100BAA4B0 /* Tokenizer.swift in Sources */,
				5097626B207B44620002881A /* SearchExpressionParser.swift in Sources */,
				5048DF982078B1D700BAA4B0 /* PhraseExtractor.swift in Sources */,
				5048DF8220789DE400BAA4B0 /* TokenExtractor.swift in Sources */,
				5048DF7D20789B5000BAA4B0 /* TokenCharacterBuffer.swift in Sources */,
				50765461207DE07D0090D5D2 /* ContainmentEvaluator.swift in Sources */,
				5048DF9E2078BC3C00BAA4B0 /* NotExtractor.swift in Sources */,
				5048DFA62078CFB700BAA4B0 /* Parser.swift in Sources */,
				5048DFAE2078D50500BAA4B0 /* TokenBuffer.swift in Sources */,
				5048DF962078AB2A00BAA4B0 /* ParensExtractors.swift in Sources */,
				5048DF922078A61800BAA4B0 /* WordExtractor.swift in Sources */,
				50765469207DF05C0090D5D2 /* PhraseCollectionConvertible.swift in Sources */,
				5048DF9C2078B6F600BAA4B0 /* BangExtractor.swift in Sources */,
				5048DFA02078BF3600BAA4B0 /* AndExtractor.swift in Sources */,
				5048DFA22078C02400BAA4B0 /* OrExtractor.swift in Sources */,
				5048DF8F2078A49600BAA4B0 /* Character+isWhitespace.swift in Sources */,
				5048DF942078A93A00BAA4B0 /* Tokens.swift in Sources */,
				5048DFA82078CFF500BAA4B0 /* Expressions.swift in Sources */,
			);
			runOnlyForDeploymentPostprocessing = 0;
		};
		5048DF632078985800BAA4B0 /* Sources */ = {
			isa = PBXSourcesBuildPhase;
			buildActionMask = 2147483647;
			files = (
				50765463207DE1670090D5D2 /* ContainmentEvaluatorTests.swift in Sources */,
				50976269207937820002881A /* BalanceParenthesesTests.swift in Sources */,
				5048DFAA2078D00F00BAA4B0 /* ParserTests.swift in Sources */,
				5048DF6D2078985800BAA4B0 /* TokenizerTests.swift in Sources */,
				50765467207DEF160090D5D2 /* PhraseCollectionConvertibleTests.swift in Sources */,
				50765465207DEBC00090D5D2 /* Descriptions.swift in Sources */,
				50976270207B47760002881A /* ExpressionTests.swift in Sources */,
				5048DFB02078D57D00BAA4B0 /* XCTAssertEqual+Expression.swift in Sources */,
				5048DF8D2078A3C600BAA4B0 /* XCTAssertEqual+Token.swift in Sources */,
				5048DFAC2078D0F900BAA4B0 /* AnyEquatable.swift in Sources */,
				5048DF8620789FD300BAA4B0 /* TestHelpers.swift in Sources */,
			);
			runOnlyForDeploymentPostprocessing = 0;
		};
/* End PBXSourcesBuildPhase section */

/* Begin PBXTargetDependency section */
		5048DF6A2078985800BAA4B0 /* PBXTargetDependency */ = {
			isa = PBXTargetDependency;
			target = 5048DF5D2078985800BAA4B0 /* SearchExpressionParser */;
			targetProxy = 5048DF692078985800BAA4B0 /* PBXContainerItemProxy */;
		};
/* End PBXTargetDependency section */

/* Begin XCBuildConfiguration section */
		5048DF702078985800BAA4B0 /* Debug */ = {
			isa = XCBuildConfiguration;
			buildSettings = {
				ALWAYS_SEARCH_USER_PATHS = NO;
				CLANG_ANALYZER_NONNULL = YES;
				CLANG_ANALYZER_NUMBER_OBJECT_CONVERSION = YES_AGGRESSIVE;
				CLANG_CXX_LANGUAGE_STANDARD = "gnu++14";
				CLANG_CXX_LIBRARY = "libc++";
				CLANG_ENABLE_MODULES = YES;
				CLANG_ENABLE_OBJC_ARC = YES;
				CLANG_ENABLE_OBJC_WEAK = YES;
				CLANG_WARN_BLOCK_CAPTURE_AUTORELEASING = YES;
				CLANG_WARN_BOOL_CONVERSION = YES;
				CLANG_WARN_COMMA = YES;
				CLANG_WARN_CONSTANT_CONVERSION = YES;
				CLANG_WARN_DEPRECATED_OBJC_IMPLEMENTATIONS = YES;
				CLANG_WARN_DIRECT_OBJC_ISA_USAGE = YES_ERROR;
				CLANG_WARN_DOCUMENTATION_COMMENTS = YES;
				CLANG_WARN_EMPTY_BODY = YES;
				CLANG_WARN_ENUM_CONVERSION = YES;
				CLANG_WARN_INFINITE_RECURSION = YES;
				CLANG_WARN_INT_CONVERSION = YES;
				CLANG_WARN_NON_LITERAL_NULL_CONVERSION = YES;
				CLANG_WARN_OBJC_IMPLICIT_RETAIN_SELF = YES;
				CLANG_WARN_OBJC_LITERAL_CONVERSION = YES;
				CLANG_WARN_OBJC_ROOT_CLASS = YES_ERROR;
				CLANG_WARN_RANGE_LOOP_ANALYSIS = YES;
				CLANG_WARN_STRICT_PROTOTYPES = YES;
				CLANG_WARN_SUSPICIOUS_MOVE = YES;
				CLANG_WARN_UNGUARDED_AVAILABILITY = YES_AGGRESSIVE;
				CLANG_WARN_UNREACHABLE_CODE = YES;
				CLANG_WARN__DUPLICATE_METHOD_MATCH = YES;
				CODE_SIGN_IDENTITY = "Mac Developer";
				COPY_PHASE_STRIP = NO;
				CURRENT_PROJECT_VERSION = 1;
				DEBUG_INFORMATION_FORMAT = dwarf;
				ENABLE_STRICT_OBJC_MSGSEND = YES;
				ENABLE_TESTABILITY = YES;
				GCC_C_LANGUAGE_STANDARD = gnu11;
				GCC_DYNAMIC_NO_PIC = NO;
				GCC_NO_COMMON_BLOCKS = YES;
				GCC_OPTIMIZATION_LEVEL = 0;
				GCC_PREPROCESSOR_DEFINITIONS = (
					"DEBUG=1",
					"$(inherited)",
				);
				GCC_WARN_64_TO_32_BIT_CONVERSION = YES;
				GCC_WARN_ABOUT_RETURN_TYPE = YES_ERROR;
				GCC_WARN_UNDECLARED_SELECTOR = YES;
				GCC_WARN_UNINITIALIZED_AUTOS = YES_AGGRESSIVE;
				GCC_WARN_UNUSED_FUNCTION = YES;
				GCC_WARN_UNUSED_VARIABLE = YES;
				MACOSX_DEPLOYMENT_TARGET = 10.10;
				MTL_ENABLE_DEBUG_INFO = YES;
				ONLY_ACTIVE_ARCH = YES;
				SDKROOT = macosx;
				SWIFT_ACTIVE_COMPILATION_CONDITIONS = DEBUG;
				SWIFT_OPTIMIZATION_LEVEL = "-Onone";
				VERSIONING_SYSTEM = "apple-generic";
				VERSION_INFO_PREFIX = "";
			};
			name = Debug;
		};
		5048DF712078985800BAA4B0 /* Release */ = {
			isa = XCBuildConfiguration;
			buildSettings = {
				ALWAYS_SEARCH_USER_PATHS = NO;
				CLANG_ANALYZER_NONNULL = YES;
				CLANG_ANALYZER_NUMBER_OBJECT_CONVERSION = YES_AGGRESSIVE;
				CLANG_CXX_LANGUAGE_STANDARD = "gnu++14";
				CLANG_CXX_LIBRARY = "libc++";
				CLANG_ENABLE_MODULES = YES;
				CLANG_ENABLE_OBJC_ARC = YES;
				CLANG_ENABLE_OBJC_WEAK = YES;
				CLANG_WARN_BLOCK_CAPTURE_AUTORELEASING = YES;
				CLANG_WARN_BOOL_CONVERSION = YES;
				CLANG_WARN_COMMA = YES;
				CLANG_WARN_CONSTANT_CONVERSION = YES;
				CLANG_WARN_DEPRECATED_OBJC_IMPLEMENTATIONS = YES;
				CLANG_WARN_DIRECT_OBJC_ISA_USAGE = YES_ERROR;
				CLANG_WARN_DOCUMENTATION_COMMENTS = YES;
				CLANG_WARN_EMPTY_BODY = YES;
				CLANG_WARN_ENUM_CONVERSION = YES;
				CLANG_WARN_INFINITE_RECURSION = YES;
				CLANG_WARN_INT_CONVERSION = YES;
				CLANG_WARN_NON_LITERAL_NULL_CONVERSION = YES;
				CLANG_WARN_OBJC_IMPLICIT_RETAIN_SELF = YES;
				CLANG_WARN_OBJC_LITERAL_CONVERSION = YES;
				CLANG_WARN_OBJC_ROOT_CLASS = YES_ERROR;
				CLANG_WARN_RANGE_LOOP_ANALYSIS = YES;
				CLANG_WARN_STRICT_PROTOTYPES = YES;
				CLANG_WARN_SUSPICIOUS_MOVE = YES;
				CLANG_WARN_UNGUARDED_AVAILABILITY = YES_AGGRESSIVE;
				CLANG_WARN_UNREACHABLE_CODE = YES;
				CLANG_WARN__DUPLICATE_METHOD_MATCH = YES;
				CODE_SIGN_IDENTITY = "Mac Developer";
				COPY_PHASE_STRIP = NO;
				CURRENT_PROJECT_VERSION = 1;
				DEBUG_INFORMATION_FORMAT = "dwarf-with-dsym";
				ENABLE_NS_ASSERTIONS = NO;
				ENABLE_STRICT_OBJC_MSGSEND = YES;
				GCC_C_LANGUAGE_STANDARD = gnu11;
				GCC_NO_COMMON_BLOCKS = YES;
				GCC_WARN_64_TO_32_BIT_CONVERSION = YES;
				GCC_WARN_ABOUT_RETURN_TYPE = YES_ERROR;
				GCC_WARN_UNDECLARED_SELECTOR = YES;
				GCC_WARN_UNINITIALIZED_AUTOS = YES_AGGRESSIVE;
				GCC_WARN_UNUSED_FUNCTION = YES;
				GCC_WARN_UNUSED_VARIABLE = YES;
				MACOSX_DEPLOYMENT_TARGET = 10.10;
				MTL_ENABLE_DEBUG_INFO = NO;
				SDKROOT = macosx;
				SWIFT_COMPILATION_MODE = wholemodule;
				SWIFT_OPTIMIZATION_LEVEL = "-O";
				VERSIONING_SYSTEM = "apple-generic";
				VERSION_INFO_PREFIX = "";
			};
			name = Release;
		};
		5048DF732078985800BAA4B0 /* Debug */ = {
			isa = XCBuildConfiguration;
			buildSettings = {
				CLANG_ENABLE_MODULES = YES;
				CODE_SIGN_IDENTITY = "";
				CODE_SIGN_STYLE = Automatic;
				COMBINE_HIDPI_IMAGES = YES;
				DEFINES_MODULE = YES;
				DEVELOPMENT_TEAM = FRMDA3XRGC;
				DYLIB_COMPATIBILITY_VERSION = 1;
				DYLIB_CURRENT_VERSION = 1;
				DYLIB_INSTALL_NAME_BASE = "@rpath";
				FRAMEWORK_VERSION = A;
				INFOPLIST_FILE = SearchExpressionParser/Info.plist;
				INSTALL_PATH = "$(LOCAL_LIBRARY_DIR)/Frameworks";
				LD_RUNPATH_SEARCH_PATHS = (
					"$(inherited)",
					"@executable_path/../Frameworks",
					"@loader_path/Frameworks",
				);
				PRODUCT_BUNDLE_IDENTIFIER = de.christiantietze.SearchExpressionParser;
				PRODUCT_NAME = "$(TARGET_NAME:c99extidentifier)";
				SKIP_INSTALL = YES;
				SWIFT_OPTIMIZATION_LEVEL = "-Onone";
				SWIFT_VERSION = 4.0;
			};
			name = Debug;
		};
		5048DF742078985800BAA4B0 /* Release */ = {
			isa = XCBuildConfiguration;
			buildSettings = {
				CLANG_ENABLE_MODULES = YES;
				CODE_SIGN_IDENTITY = "";
				CODE_SIGN_STYLE = Automatic;
				COMBINE_HIDPI_IMAGES = YES;
				DEFINES_MODULE = YES;
				DEVELOPMENT_TEAM = FRMDA3XRGC;
				DYLIB_COMPATIBILITY_VERSION = 1;
				DYLIB_CURRENT_VERSION = 1;
				DYLIB_INSTALL_NAME_BASE = "@rpath";
				FRAMEWORK_VERSION = A;
				INFOPLIST_FILE = SearchExpressionParser/Info.plist;
				INSTALL_PATH = "$(LOCAL_LIBRARY_DIR)/Frameworks";
				LD_RUNPATH_SEARCH_PATHS = (
					"$(inherited)",
					"@executable_path/../Frameworks",
					"@loader_path/Frameworks",
				);
				PRODUCT_BUNDLE_IDENTIFIER = de.christiantietze.SearchExpressionParser;
				PRODUCT_NAME = "$(TARGET_NAME:c99extidentifier)";
				SKIP_INSTALL = YES;
				SWIFT_VERSION = 4.0;
			};
			name = Release;
		};
		5048DF762078985800BAA4B0 /* Debug */ = {
			isa = XCBuildConfiguration;
			buildSettings = {
				ALWAYS_EMBED_SWIFT_STANDARD_LIBRARIES = YES;
				CODE_SIGN_STYLE = Automatic;
				COMBINE_HIDPI_IMAGES = YES;
				DEVELOPMENT_TEAM = FRMDA3XRGC;
				INFOPLIST_FILE = SearchExpressionParserTests/Info.plist;
				LD_RUNPATH_SEARCH_PATHS = (
					"$(inherited)",
					"@executable_path/../Frameworks",
					"@loader_path/../Frameworks",
				);
				PRODUCT_BUNDLE_IDENTIFIER = de.christiantietze.SearchExpressionParserTests;
				PRODUCT_NAME = "$(TARGET_NAME)";
				SWIFT_VERSION = 4.0;
			};
			name = Debug;
		};
		5048DF772078985800BAA4B0 /* Release */ = {
			isa = XCBuildConfiguration;
			buildSettings = {
				ALWAYS_EMBED_SWIFT_STANDARD_LIBRARIES = YES;
				CODE_SIGN_STYLE = Automatic;
				COMBINE_HIDPI_IMAGES = YES;
				DEVELOPMENT_TEAM = FRMDA3XRGC;
				INFOPLIST_FILE = SearchExpressionParserTests/Info.plist;
				LD_RUNPATH_SEARCH_PATHS = (
					"$(inherited)",
					"@executable_path/../Frameworks",
					"@loader_path/../Frameworks",
				);
				PRODUCT_BUNDLE_IDENTIFIER = de.christiantietze.SearchExpressionParserTests;
				PRODUCT_NAME = "$(TARGET_NAME)";
				SWIFT_VERSION = 4.0;
			};
			name = Release;
		};
/* End XCBuildConfiguration section */

/* Begin XCConfigurationList section */
		5048DF582078985800BAA4B0 /* Build configuration list for PBXProject "SearchExpressionParser" */ = {
			isa = XCConfigurationList;
			buildConfigurations = (
				5048DF702078985800BAA4B0 /* Debug */,
				5048DF712078985800BAA4B0 /* Release */,
			);
			defaultConfigurationIsVisible = 0;
			defaultConfigurationName = Release;
		};
		5048DF722078985800BAA4B0 /* Build configuration list for PBXNativeTarget "SearchExpressionParser" */ = {
			isa = XCConfigurationList;
			buildConfigurations = (
				5048DF732078985800BAA4B0 /* Debug */,
				5048DF742078985800BAA4B0 /* Release */,
			);
			defaultConfigurationIsVisible = 0;
			defaultConfigurationName = Release;
		};
		5048DF752078985800BAA4B0 /* Build configuration list for PBXNativeTarget "SearchExpressionParserTests" */ = {
			isa = XCConfigurationList;
			buildConfigurations = (
				5048DF762078985800BAA4B0 /* Debug */,
				5048DF772078985800BAA4B0 /* Release */,
			);
			defaultConfigurationIsVisible = 0;
			defaultConfigurationName = Release;
		};
/* End XCConfigurationList section */
	};
	rootObject = 5048DF552078985800BAA4B0 /* Project object */;
}
